
Microsoft Visual Studio Solution File, Format Version 12.00
# Visual Studio 15
VisualStudioVersion = 15.0.28010.2041
MinimumVisualStudioVersion = 10.0.40219.1
Project("{FAE04EC0-301F-11D3-BF4B-00C04F79EFBC}") = "7.11", "7.11\7.11.csproj", "{9561BF22-77F9-44D6-9ADF-DBB227DE5100}"
EndProject
Global
	GlobalSection(SolutionConfigurationPlatforms) = preSolution
		Debug|Any CPU = Debug|Any CPU
		Release|Any CPU = Release|Any CPU
	EndGlobalSection
	GlobalSection(ProjectConfigurationPlatforms) = postSolution
		{9561BF22-77F9-44D6-9ADF-DBB227DE5100}.Debug|Any CPU.ActiveCfg = Debug|Any CPU
		{9561BF22-77F9-44D6-9ADF-DBB227DE5100}.Debug|Any CPU.Build.0 = Debug|Any CPU
		{9561BF22-77F9-44D6-9ADF-DBB227DE5100}.Release|Any CPU.ActiveCfg = Release|Any CPU
		{9561BF22-77F9-44D6-9ADF-DBB227DE5100}.Release|Any CPU.Build.0 = Release|Any CPU
	EndGlobalSection
	GlobalSection(SolutionProperties) = preSolution
		HideSolutionNode = FALSE
	EndGlobalSection
	GlobalSection(ExtensibilityGlobals) = postSolution
		SolutionGuid = {2955F586-A432-4A8E-9638-BA475357B19E}
	EndGlobalSection
EndGlobal
