
Microsoft Visual Studio Solution File, Format Version 12.00
# Visual Studio 15
VisualStudioVersion = 15.0.28010.2041
MinimumVisualStudioVersion = 10.0.40219.1
Project("{FAE04EC0-301F-11D3-BF4B-00C04F79EFBC}") = "7.7", "7.7\7.7.csproj", "{54365E24-0848-4C0C-BABF-496828BEC532}"
EndProject
Global
	GlobalSection(SolutionConfigurationPlatforms) = preSolution
		Debug|Any CPU = Debug|Any CPU
		Release|Any CPU = Release|Any CPU
	EndGlobalSection
	GlobalSection(ProjectConfigurationPlatforms) = postSolution
		{54365E24-0848-4C0C-BABF-496828BEC532}.Debug|Any CPU.ActiveCfg = Debug|Any CPU
		{54365E24-0848-4C0C-BABF-496828BEC532}.Debug|Any CPU.Build.0 = Debug|Any CPU
		{54365E24-0848-4C0C-BABF-496828BEC532}.Release|Any CPU.ActiveCfg = Release|Any CPU
		{54365E24-0848-4C0C-BABF-496828BEC532}.Release|Any CPU.Build.0 = Release|Any CPU
	EndGlobalSection
	GlobalSection(SolutionProperties) = preSolution
		HideSolutionNode = FALSE
	EndGlobalSection
	GlobalSection(ExtensibilityGlobals) = postSolution
		SolutionGuid = {398291B4-1484-4C81-8AC2-08B73B581858}
	EndGlobalSection
EndGlobal
