
Microsoft Visual Studio Solution File, Format Version 12.00
# Visual Studio 15
VisualStudioVersion = 15.0.28010.2041
MinimumVisualStudioVersion = 10.0.40219.1
Project("{FAE04EC0-301F-11D3-BF4B-00C04F79EFBC}") = "7.6", "7.6\7.6.csproj", "{121B7753-5657-43C8-9D5B-0FCC7B904B26}"
EndProject
Global
	GlobalSection(SolutionConfigurationPlatforms) = preSolution
		Debug|Any CPU = Debug|Any CPU
		Release|Any CPU = Release|Any CPU
	EndGlobalSection
	GlobalSection(ProjectConfigurationPlatforms) = postSolution
		{121B7753-5657-43C8-9D5B-0FCC7B904B26}.Debug|Any CPU.ActiveCfg = Debug|Any CPU
		{121B7753-5657-43C8-9D5B-0FCC7B904B26}.Debug|Any CPU.Build.0 = Debug|Any CPU
		{121B7753-5657-43C8-9D5B-0FCC7B904B26}.Release|Any CPU.ActiveCfg = Release|Any CPU
		{121B7753-5657-43C8-9D5B-0FCC7B904B26}.Release|Any CPU.Build.0 = Release|Any CPU
	EndGlobalSection
	GlobalSection(SolutionProperties) = preSolution
		HideSolutionNode = FALSE
	EndGlobalSection
	GlobalSection(ExtensibilityGlobals) = postSolution
		SolutionGuid = {F4E85E00-F085-40AF-A2C1-B2B151000B6D}
	EndGlobalSection
EndGlobal
